
Microsoft Visual Studio Solution File, Format Version 12.00
# Visual Studio Version 16
VisualStudioVersion = 16.0.34031.81
MinimumVisualStudioVersion = 10.0.40219.1
Project("{2150E333-8FDC-42A3-9474-1A3956D46DE8}") = "Task0", "Task0", "{28159B79-503F-42AC-A521-E4FD71F46DD5}"
EndProject
Project("{FAE04EC0-301F-11D3-BF4B-00C04F79EFBC}") = "Tyuiu.ZhirenbaevaII.Sprint1.Task0.V11", "Tyuiu.ZhirenbaevaII.Sprint1.V11\Tyuiu.ZhirenbaevaII.Sprint1.Task0.V11.csproj", "{76F40FB0-C777-47BE-AE06-0C894FC55CAE}"
EndProject
Project("{FAE04EC0-301F-11D3-BF4B-00C04F79EFBC}") = "Tyuiu.ZhirenbaevaII.Sprint1.Task0.V11.Lib", "Tyuiu.ZhirenbaevaII.Sprint1.Task0.V11\Tyuiu.ZhirenbaevaII.Sprint1.Task0.V11.Lib.csproj", "{D4E84914-A572-4842-BDC6-02B3F1488DA4}"
EndProject
Project("{FAE04EC0-301F-11D3-BF4B-00C04F79EFBC}") = "Tyuiu.ZhirenbaevaII.Sprint1.Task0.V11.Test", "Tyuiu.ZhirenbaevaII.Sprint1.Task0.V11.Test\Tyuiu.ZhirenbaevaII.Sprint1.Task0.V11.Test.csproj", "{12488D0E-C460-49D8-8275-5E6987624868}"
EndProject
Project("{2150E333-8FDC-42A3-9474-1A3956D46DE8}") = "Task1", "Task1", "{15E1E524-7376-47ED-8F68-D87C18564E57}"
EndProject
Project("{FAE04EC0-301F-11D3-BF4B-00C04F79EFBC}") = "Tyuiu.ZhirenbaevaII.Sprint1.Task1.V5", "Tyuiu.ZhirenbaevaII.Sprint1.Task1.V5\Tyuiu.ZhirenbaevaII.Sprint1.Task1.V5.csproj", "{D0D67C8A-C949-4245-A493-488A972678A5}"
EndProject
Project("{FAE04EC0-301F-11D3-BF4B-00C04F79EFBC}") = "Tyuiu.ZhirenbaevaII.Sprint1.Task1.V5.Lib", "Tyuiu.ZhirenbaevaII.Sprint1.Task1.V5.Lib\Tyuiu.ZhirenbaevaII.Sprint1.Task1.V5.Lib.csproj", "{B80C47AB-2335-4C5F-B07C-FB88D7E79033}"
EndProject
Project("{FAE04EC0-301F-11D3-BF4B-00C04F79EFBC}") = "Tyuiu.ZhirenbaevaII.Sprint1.Task1.V5.Test", "Tyuiu.ZhirenbaevaII.Sprint1.Task1.V5.Test\Tyuiu.ZhirenbaevaII.Sprint1.Task1.V5.Test.csproj", "{A85FB7D6-BBEB-4C43-AE08-9400D93E5630}"
EndProject
Project("{2150E333-8FDC-42A3-9474-1A3956D46DE8}") = "Task2", "Task2", "{C3C17B09-E37A-4ECB-9008-77645855122F}"
EndProject
Project("{FAE04EC0-301F-11D3-BF4B-00C04F79EFBC}") = "Tyuiu.ZhirenbaevaII.Sprint1.Task2.V15", "Tyuiu.ZhirenbaevaII.Sprunt1.Task2.V15\Tyuiu.ZhirenbaevaII.Sprint1.Task2.V15.csproj", "{2E175FA8-06A1-4B4F-96BA-76B1DC119DD3}"
EndProject
Project("{FAE04EC0-301F-11D3-BF4B-00C04F79EFBC}") = "Tyuiu.ZhirenbaevaII.Sprint1.Task2.V15.Lib", "Tyuiu.ZhirenbaevaII.Sprint1.Task2.V15.Lib\Tyuiu.ZhirenbaevaII.Sprint1.Task2.V15.Lib.csproj", "{6E1C25D2-6118-4E2E-8242-C71AF4F638F1}"
EndProject
Project("{FAE04EC0-301F-11D3-BF4B-00C04F79EFBC}") = "Tyuiu.ZhirenbaevaII.Sprint1.Task2.V15.Test", "Tyuiu.ZhirenbaevaII.Sprint1.Task2.V15.Test\Tyuiu.ZhirenbaevaII.Sprint1.Task2.V15.Test.csproj", "{9E795A2F-6383-4F3C-8166-1B0268CFF35A}"
EndProject
Project("{2150E333-8FDC-42A3-9474-1A3956D46DE8}") = "Task3", "Task3", "{7A8D980B-8321-4D33-BAB8-FC34FB411E8B}"
EndProject
Project("{FAE04EC0-301F-11D3-BF4B-00C04F79EFBC}") = "Tyuiu.ZhirenbaevaII.Sprint1.Task3.V11", "Tyuiu.ZhirenbaevaII.Sprint1.Task3.V11\Tyuiu.ZhirenbaevaII.Sprint1.Task3.V11.csproj", "{B1526DC4-5E73-44B9-A5BB-3946E7850149}"
EndProject
Project("{FAE04EC0-301F-11D3-BF4B-00C04F79EFBC}") = "Tyuiu.ZhirenbaevaII.Sprint1.Task3.V11.Lib", "Tyuiu.ZhirenbaevaII.Sprint1.Task3.V11.Lib\Tyuiu.ZhirenbaevaII.Sprint1.Task3.V11.Lib.csproj", "{4C1F48E8-0894-4DDF-94FF-D64ACB06561A}"
EndProject
Project("{FAE04EC0-301F-11D3-BF4B-00C04F79EFBC}") = "Tyuiu.ZhirenbaevaII.Sprint1.Task3.V11.Test", "Tyuiu.ZhirenbaevaII.Sprint1.Task3.V11.Test\Tyuiu.ZhirenbaevaII.Sprint1.Task3.V11.Test.csproj", "{3A659BA5-FCF6-485C-BF85-A2D4A89696F3}"
EndProject
Project("{2150E333-8FDC-42A3-9474-1A3956D46DE8}") = "Task4", "Task4", "{099C9FA6-B903-4343-8A3E-CCCE4EA7A11B}"
EndProject
Project("{FAE04EC0-301F-11D3-BF4B-00C04F79EFBC}") = "Tyuiu.ZhirenbaevaII.Sprint1.Task4.V7", "Tyuiu.ZhirenbaevaII.Sprint1.Task4.V7\Tyuiu.ZhirenbaevaII.Sprint1.Task4.V7.csproj", "{16A30441-C130-485F-917E-C5FFD2EE6453}"
EndProject
Project("{FAE04EC0-301F-11D3-BF4B-00C04F79EFBC}") = "Tyuiu.ZhirenbaevaII.Sprint1.Task4.V7.Lib", "Tyuiu.ZhirenbaevaII.Sprint1.Task4.V7.Lib\Tyuiu.ZhirenbaevaII.Sprint1.Task4.V7.Lib.csproj", "{BF5B48EB-F769-46A3-B52D-2DE3B9B322A0}"
EndProject
Project("{FAE04EC0-301F-11D3-BF4B-00C04F79EFBC}") = "Tyuiu.ZhirenbaevaII.Sprint1.Task4.V7.Test", "Tyuiu.ZhirenbaevaII.Sprint1.Task4.V7.Test\Tyuiu.ZhirenbaevaII.Sprint1.Task4.V7.Test.csproj", "{B9773BBB-6E7F-4F15-A19C-FE37ABCBCDD3}"
EndProject
Project("{2150E333-8FDC-42A3-9474-1A3956D46DE8}") = "Task5", "Task5", "{97B5F2F9-1AEC-4769-8FFD-B5F9FDE159A7}"
EndProject
Project("{FAE04EC0-301F-11D3-BF4B-00C04F79EFBC}") = "Tyuiu.ZhirenbaevaII.Sprint1.Task5.V3", "Tyuiu.ZhirenbaevaII.Sprint1.Task5.V3\Tyuiu.ZhirenbaevaII.Sprint1.Task5.V3.csproj", "{4C930DD0-9E68-42CB-A6F3-C8DC67EDBA7E}"
EndProject
Project("{FAE04EC0-301F-11D3-BF4B-00C04F79EFBC}") = "Tyuiu.ZhirenbaevaII.Sprint1.Task5.V3.Lib", "Tyuiu.ZhirenbaevaII.Sprint1.Task5.V3.Lib\Tyuiu.ZhirenbaevaII.Sprint1.Task5.V3.Lib.csproj", "{1266F116-2E28-4EC5-A132-A0B88308D896}"
EndProject
Project("{FAE04EC0-301F-11D3-BF4B-00C04F79EFBC}") = "Tyuiu.ZhirenbaevaII.Sprint1.Task5.V3.Test", "Tyuiu.ZhirenbaevaII.Sprint1.Task5.V3.Test\Tyuiu.ZhirenbaevaII.Sprint1.Task5.V3.Test.csproj", "{BB8BF0F5-EBF3-4701-9CAE-0EBA5A81996E}"
EndProject
Project("{2150E333-8FDC-42A3-9474-1A3956D46DE8}") = "Task6", "Task6", "{28B8D2B9-9EC0-4814-9FD8-AA1F1244A795}"
EndProject
Project("{FAE04EC0-301F-11D3-BF4B-00C04F79EFBC}") = "Tyuiu.ZhirenbaevaII.Sprint1.Task6.V8", "Tyuiu.ZhirenbaevaII.Sprint1.Task6.V8\Tyuiu.ZhirenbaevaII.Sprint1.Task6.V8.csproj", "{FE331BE3-4D2B-4F49-BF20-E642DF55D48A}"
EndProject
Project("{FAE04EC0-301F-11D3-BF4B-00C04F79EFBC}") = "Tyuiu.ZhirenbaevaII.Sprint1.Task6.V8.Lib", "Tyuiu.ZhirenbaevaII.Sprint1.Task6.V8.Lib\Tyuiu.ZhirenbaevaII.Sprint1.Task6.V8.Lib.csproj", "{628A8BD7-17C6-41B6-B55D-1501FFEE3F7E}"
EndProject
Project("{FAE04EC0-301F-11D3-BF4B-00C04F79EFBC}") = "Tyuiu.ZhirenbaevaII.Sprint1.Task6.V8.Test", "Tyuiu.ZhirenbaevaII.Sprint1.Task6.V8.Test\Tyuiu.ZhirenbaevaII.Sprint1.Task6.V8.Test.csproj", "{79802F65-D1A9-4272-8F0D-2701398D596E}"
EndProject
Project("{2150E333-8FDC-42A3-9474-1A3956D46DE8}") = "Task7", "Task7", "{6DF2BA2F-A5C7-436E-840A-B63C17AA3023}"
EndProject
Project("{FAE04EC0-301F-11D3-BF4B-00C04F79EFBC}") = "Tyuiu.ZhirenbaevaII.Sprint1.Task7.V22", "Tyuiu.ZhirenbaevaII.Sprint1.Task7.V22\Tyuiu.ZhirenbaevaII.Sprint1.Task7.V22.csproj", "{C7E0E6F4-A3AC-4C35-AACD-459275916798}"
EndProject
Project("{FAE04EC0-301F-11D3-BF4B-00C04F79EFBC}") = "Tyuiu.ZhirenbaevaII.Sprint1.Task7.V22.Lib", "Tyuiu.ZhirenbaevaII.Sprint1.Task7.V22.Lib\Tyuiu.ZhirenbaevaII.Sprint1.Task7.V22.Lib.csproj", "{C70AEB90-5F2C-4FE0-982A-BB88DBEBFF6F}"
EndProject
Project("{FAE04EC0-301F-11D3-BF4B-00C04F79EFBC}") = "Tyuiu.ZhirenbaevaII.Sprint1.Task7.V22.Test", "Tyuiu.ZhirenbaevaII.Sprint1.Task7.V22.Test\Tyuiu.ZhirenbaevaII.Sprint1.Task7.V22.Test.csproj", "{E5200F63-ABBF-465D-800D-5740D0865418}"
EndProject
Global
	GlobalSection(SolutionConfigurationPlatforms) = preSolution
		Debug|Any CPU = Debug|Any CPU
		Release|Any CPU = Release|Any CPU
	EndGlobalSection
	GlobalSection(ProjectConfigurationPlatforms) = postSolution
		{76F40FB0-C777-47BE-AE06-0C894FC55CAE}.Debug|Any CPU.ActiveCfg = Debug|Any CPU
		{76F40FB0-C777-47BE-AE06-0C894FC55CAE}.Debug|Any CPU.Build.0 = Debug|Any CPU
		{76F40FB0-C777-47BE-AE06-0C894FC55CAE}.Release|Any CPU.ActiveCfg = Release|Any CPU
		{76F40FB0-C777-47BE-AE06-0C894FC55CAE}.Release|Any CPU.Build.0 = Release|Any CPU
		{D4E84914-A572-4842-BDC6-02B3F1488DA4}.Debug|Any CPU.ActiveCfg = Debug|Any CPU
		{D4E84914-A572-4842-BDC6-02B3F1488DA4}.Debug|Any CPU.Build.0 = Debug|Any CPU
		{D4E84914-A572-4842-BDC6-02B3F1488DA4}.Release|Any CPU.ActiveCfg = Release|Any CPU
		{D4E84914-A572-4842-BDC6-02B3F1488DA4}.Release|Any CPU.Build.0 = Release|Any CPU
		{12488D0E-C460-49D8-8275-5E6987624868}.Debug|Any CPU.ActiveCfg = Debug|Any CPU
		{12488D0E-C460-49D8-8275-5E6987624868}.Debug|Any CPU.Build.0 = Debug|Any CPU
		{12488D0E-C460-49D8-8275-5E6987624868}.Release|Any CPU.ActiveCfg = Release|Any CPU
		{12488D0E-C460-49D8-8275-5E6987624868}.Release|Any CPU.Build.0 = Release|Any CPU
		{D0D67C8A-C949-4245-A493-488A972678A5}.Debug|Any CPU.ActiveCfg = Debug|Any CPU
		{D0D67C8A-C949-4245-A493-488A972678A5}.Debug|Any CPU.Build.0 = Debug|Any CPU
		{D0D67C8A-C949-4245-A493-488A972678A5}.Release|Any CPU.ActiveCfg = Release|Any CPU
		{D0D67C8A-C949-4245-A493-488A972678A5}.Release|Any CPU.Build.0 = Release|Any CPU
		{B80C47AB-2335-4C5F-B07C-FB88D7E79033}.Debug|Any CPU.ActiveCfg = Debug|Any CPU
		{B80C47AB-2335-4C5F-B07C-FB88D7E79033}.Debug|Any CPU.Build.0 = Debug|Any CPU
		{B80C47AB-2335-4C5F-B07C-FB88D7E79033}.Release|Any CPU.ActiveCfg = Release|Any CPU
		{B80C47AB-2335-4C5F-B07C-FB88D7E79033}.Release|Any CPU.Build.0 = Release|Any CPU
		{A85FB7D6-BBEB-4C43-AE08-9400D93E5630}.Debug|Any CPU.ActiveCfg = Debug|Any CPU
		{A85FB7D6-BBEB-4C43-AE08-9400D93E5630}.Debug|Any CPU.Build.0 = Debug|Any CPU
		{A85FB7D6-BBEB-4C43-AE08-9400D93E5630}.Release|Any CPU.ActiveCfg = Release|Any CPU
		{A85FB7D6-BBEB-4C43-AE08-9400D93E5630}.Release|Any CPU.Build.0 = Release|Any CPU
		{2E175FA8-06A1-4B4F-96BA-76B1DC119DD3}.Debug|Any CPU.ActiveCfg = Debug|Any CPU
		{2E175FA8-06A1-4B4F-96BA-76B1DC119DD3}.Debug|Any CPU.Build.0 = Debug|Any CPU
		{2E175FA8-06A1-4B4F-96BA-76B1DC119DD3}.Release|Any CPU.ActiveCfg = Release|Any CPU
		{2E175FA8-06A1-4B4F-96BA-76B1DC119DD3}.Release|Any CPU.Build.0 = Release|Any CPU
		{6E1C25D2-6118-4E2E-8242-C71AF4F638F1}.Debug|Any CPU.ActiveCfg = Debug|Any CPU
		{6E1C25D2-6118-4E2E-8242-C71AF4F638F1}.Debug|Any CPU.Build.0 = Debug|Any CPU
		{6E1C25D2-6118-4E2E-8242-C71AF4F638F1}.Release|Any CPU.ActiveCfg = Release|Any CPU
		{6E1C25D2-6118-4E2E-8242-C71AF4F638F1}.Release|Any CPU.Build.0 = Release|Any CPU
		{9E795A2F-6383-4F3C-8166-1B0268CFF35A}.Debug|Any CPU.ActiveCfg = Debug|Any CPU
		{9E795A2F-6383-4F3C-8166-1B0268CFF35A}.Debug|Any CPU.Build.0 = Debug|Any CPU
		{9E795A2F-6383-4F3C-8166-1B0268CFF35A}.Release|Any CPU.ActiveCfg = Release|Any CPU
		{9E795A2F-6383-4F3C-8166-1B0268CFF35A}.Release|Any CPU.Build.0 = Release|Any CPU
		{B1526DC4-5E73-44B9-A5BB-3946E7850149}.Debug|Any CPU.ActiveCfg = Debug|Any CPU
		{B1526DC4-5E73-44B9-A5BB-3946E7850149}.Debug|Any CPU.Build.0 = Debug|Any CPU
		{B1526DC4-5E73-44B9-A5BB-3946E7850149}.Release|Any CPU.ActiveCfg = Release|Any CPU
		{B1526DC4-5E73-44B9-A5BB-3946E7850149}.Release|Any CPU.Build.0 = Release|Any CPU
		{4C1F48E8-0894-4DDF-94FF-D64ACB06561A}.Debug|Any CPU.ActiveCfg = Debug|Any CPU
		{4C1F48E8-0894-4DDF-94FF-D64ACB06561A}.Debug|Any CPU.Build.0 = Debug|Any CPU
		{4C1F48E8-0894-4DDF-94FF-D64ACB06561A}.Release|Any CPU.ActiveCfg = Release|Any CPU
		{4C1F48E8-0894-4DDF-94FF-D64ACB06561A}.Release|Any CPU.Build.0 = Release|Any CPU
		{3A659BA5-FCF6-485C-BF85-A2D4A89696F3}.Debug|Any CPU.ActiveCfg = Debug|Any CPU
		{3A659BA5-FCF6-485C-BF85-A2D4A89696F3}.Debug|Any CPU.Build.0 = Debug|Any CPU
		{3A659BA5-FCF6-485C-BF85-A2D4A89696F3}.Release|Any CPU.ActiveCfg = Release|Any CPU
		{3A659BA5-FCF6-485C-BF85-A2D4A89696F3}.Release|Any CPU.Build.0 = Release|Any CPU
		{16A30441-C130-485F-917E-C5FFD2EE6453}.Debug|Any CPU.ActiveCfg = Debug|Any CPU
		{16A30441-C130-485F-917E-C5FFD2EE6453}.Debug|Any CPU.Build.0 = Debug|Any CPU
		{16A30441-C130-485F-917E-C5FFD2EE6453}.Release|Any CPU.ActiveCfg = Release|Any CPU
		{16A30441-C130-485F-917E-C5FFD2EE6453}.Release|Any CPU.Build.0 = Release|Any CPU
		{BF5B48EB-F769-46A3-B52D-2DE3B9B322A0}.Debug|Any CPU.ActiveCfg = Debug|Any CPU
		{BF5B48EB-F769-46A3-B52D-2DE3B9B322A0}.Debug|Any CPU.Build.0 = Debug|Any CPU
		{BF5B48EB-F769-46A3-B52D-2DE3B9B322A0}.Release|Any CPU.ActiveCfg = Release|Any CPU
		{BF5B48EB-F769-46A3-B52D-2DE3B9B322A0}.Release|Any CPU.Build.0 = Release|Any CPU
		{B9773BBB-6E7F-4F15-A19C-FE37ABCBCDD3}.Debug|Any CPU.ActiveCfg = Debug|Any CPU
		{B9773BBB-6E7F-4F15-A19C-FE37ABCBCDD3}.Debug|Any CPU.Build.0 = Debug|Any CPU
		{B9773BBB-6E7F-4F15-A19C-FE37ABCBCDD3}.Release|Any CPU.ActiveCfg = Release|Any CPU
		{B9773BBB-6E7F-4F15-A19C-FE37ABCBCDD3}.Release|Any CPU.Build.0 = Release|Any CPU
		{4C930DD0-9E68-42CB-A6F3-C8DC67EDBA7E}.Debug|Any CPU.ActiveCfg = Debug|Any CPU
		{4C930DD0-9E68-42CB-A6F3-C8DC67EDBA7E}.Debug|Any CPU.Build.0 = Debug|Any CPU
		{4C930DD0-9E68-42CB-A6F3-C8DC67EDBA7E}.Release|Any CPU.ActiveCfg = Release|Any CPU
		{4C930DD0-9E68-42CB-A6F3-C8DC67EDBA7E}.Release|Any CPU.Build.0 = Release|Any CPU
		{1266F116-2E28-4EC5-A132-A0B88308D896}.Debug|Any CPU.ActiveCfg = Debug|Any CPU
		{1266F116-2E28-4EC5-A132-A0B88308D896}.Debug|Any CPU.Build.0 = Debug|Any CPU
		{1266F116-2E28-4EC5-A132-A0B88308D896}.Release|Any CPU.ActiveCfg = Release|Any CPU
		{1266F116-2E28-4EC5-A132-A0B88308D896}.Release|Any CPU.Build.0 = Release|Any CPU
		{BB8BF0F5-EBF3-4701-9CAE-0EBA5A81996E}.Debug|Any CPU.ActiveCfg = Debug|Any CPU
		{BB8BF0F5-EBF3-4701-9CAE-0EBA5A81996E}.Debug|Any CPU.Build.0 = Debug|Any CPU
		{BB8BF0F5-EBF3-4701-9CAE-0EBA5A81996E}.Release|Any CPU.ActiveCfg = Release|Any CPU
		{BB8BF0F5-EBF3-4701-9CAE-0EBA5A81996E}.Release|Any CPU.Build.0 = Release|Any CPU
		{FE331BE3-4D2B-4F49-BF20-E642DF55D48A}.Debug|Any CPU.ActiveCfg = Debug|Any CPU
		{FE331BE3-4D2B-4F49-BF20-E642DF55D48A}.Debug|Any CPU.Build.0 = Debug|Any CPU
		{FE331BE3-4D2B-4F49-BF20-E642DF55D48A}.Release|Any CPU.ActiveCfg = Release|Any CPU
		{FE331BE3-4D2B-4F49-BF20-E642DF55D48A}.Release|Any CPU.Build.0 = Release|Any CPU
		{628A8BD7-17C6-41B6-B55D-1501FFEE3F7E}.Debug|Any CPU.ActiveCfg = Debug|Any CPU
		{628A8BD7-17C6-41B6-B55D-1501FFEE3F7E}.Debug|Any CPU.Build.0 = Debug|Any CPU
		{628A8BD7-17C6-41B6-B55D-1501FFEE3F7E}.Release|Any CPU.ActiveCfg = Release|Any CPU
		{628A8BD7-17C6-41B6-B55D-1501FFEE3F7E}.Release|Any CPU.Build.0 = Release|Any CPU
		{79802F65-D1A9-4272-8F0D-2701398D596E}.Debug|Any CPU.ActiveCfg = Debug|Any CPU
		{79802F65-D1A9-4272-8F0D-2701398D596E}.Debug|Any CPU.Build.0 = Debug|Any CPU
		{79802F65-D1A9-4272-8F0D-2701398D596E}.Release|Any CPU.ActiveCfg = Release|Any CPU
		{79802F65-D1A9-4272-8F0D-2701398D596E}.Release|Any CPU.Build.0 = Release|Any CPU
		{C7E0E6F4-A3AC-4C35-AACD-459275916798}.Debug|Any CPU.ActiveCfg = Debug|Any CPU
		{C7E0E6F4-A3AC-4C35-AACD-459275916798}.Debug|Any CPU.Build.0 = Debug|Any CPU
		{C7E0E6F4-A3AC-4C35-AACD-459275916798}.Release|Any CPU.ActiveCfg = Release|Any CPU
		{C7E0E6F4-A3AC-4C35-AACD-459275916798}.Release|Any CPU.Build.0 = Release|Any CPU
		{C70AEB90-5F2C-4FE0-982A-BB88DBEBFF6F}.Debug|Any CPU.ActiveCfg = Debug|Any CPU
		{C70AEB90-5F2C-4FE0-982A-BB88DBEBFF6F}.Debug|Any CPU.Build.0 = Debug|Any CPU
		{C70AEB90-5F2C-4FE0-982A-BB88DBEBFF6F}.Release|Any CPU.ActiveCfg = Release|Any CPU
		{C70AEB90-5F2C-4FE0-982A-BB88DBEBFF6F}.Release|Any CPU.Build.0 = Release|Any CPU
		{E5200F63-ABBF-465D-800D-5740D0865418}.Debug|Any CPU.ActiveCfg = Debug|Any CPU
		{E5200F63-ABBF-465D-800D-5740D0865418}.Debug|Any CPU.Build.0 = Debug|Any CPU
		{E5200F63-ABBF-465D-800D-5740D0865418}.Release|Any CPU.ActiveCfg = Release|Any CPU
		{E5200F63-ABBF-465D-800D-5740D0865418}.Release|Any CPU.Build.0 = Release|Any CPU
	EndGlobalSection
	GlobalSection(SolutionProperties) = preSolution
		HideSolutionNode = FALSE
	EndGlobalSection
	GlobalSection(NestedProjects) = preSolution
		{76F40FB0-C777-47BE-AE06-0C894FC55CAE} = {28159B79-503F-42AC-A521-E4FD71F46DD5}
		{D4E84914-A572-4842-BDC6-02B3F1488DA4} = {28159B79-503F-42AC-A521-E4FD71F46DD5}
		{12488D0E-C460-49D8-8275-5E6987624868} = {28159B79-503F-42AC-A521-E4FD71F46DD5}
		{D0D67C8A-C949-4245-A493-488A972678A5} = {15E1E524-7376-47ED-8F68-D87C18564E57}
		{B80C47AB-2335-4C5F-B07C-FB88D7E79033} = {15E1E524-7376-47ED-8F68-D87C18564E57}
		{A85FB7D6-BBEB-4C43-AE08-9400D93E5630} = {15E1E524-7376-47ED-8F68-D87C18564E57}
		{2E175FA8-06A1-4B4F-96BA-76B1DC119DD3} = {C3C17B09-E37A-4ECB-9008-77645855122F}
		{6E1C25D2-6118-4E2E-8242-C71AF4F638F1} = {C3C17B09-E37A-4ECB-9008-77645855122F}
		{9E795A2F-6383-4F3C-8166-1B0268CFF35A} = {C3C17B09-E37A-4ECB-9008-77645855122F}
		{B1526DC4-5E73-44B9-A5BB-3946E7850149} = {7A8D980B-8321-4D33-BAB8-FC34FB411E8B}
		{4C1F48E8-0894-4DDF-94FF-D64ACB06561A} = {7A8D980B-8321-4D33-BAB8-FC34FB411E8B}
		{3A659BA5-FCF6-485C-BF85-A2D4A89696F3} = {7A8D980B-8321-4D33-BAB8-FC34FB411E8B}
		{16A30441-C130-485F-917E-C5FFD2EE6453} = {099C9FA6-B903-4343-8A3E-CCCE4EA7A11B}
		{BF5B48EB-F769-46A3-B52D-2DE3B9B322A0} = {099C9FA6-B903-4343-8A3E-CCCE4EA7A11B}
		{B9773BBB-6E7F-4F15-A19C-FE37ABCBCDD3} = {099C9FA6-B903-4343-8A3E-CCCE4EA7A11B}
		{4C930DD0-9E68-42CB-A6F3-C8DC67EDBA7E} = {97B5F2F9-1AEC-4769-8FFD-B5F9FDE159A7}
		{1266F116-2E28-4EC5-A132-A0B88308D896} = {97B5F2F9-1AEC-4769-8FFD-B5F9FDE159A7}
		{BB8BF0F5-EBF3-4701-9CAE-0EBA5A81996E} = {97B5F2F9-1AEC-4769-8FFD-B5F9FDE159A7}
		{FE331BE3-4D2B-4F49-BF20-E642DF55D48A} = {28B8D2B9-9EC0-4814-9FD8-AA1F1244A795}
		{628A8BD7-17C6-41B6-B55D-1501FFEE3F7E} = {28B8D2B9-9EC0-4814-9FD8-AA1F1244A795}
		{79802F65-D1A9-4272-8F0D-2701398D596E} = {28B8D2B9-9EC0-4814-9FD8-AA1F1244A795}
		{C7E0E6F4-A3AC-4C35-AACD-459275916798} = {6DF2BA2F-A5C7-436E-840A-B63C17AA3023}
		{C70AEB90-5F2C-4FE0-982A-BB88DBEBFF6F} = {6DF2BA2F-A5C7-436E-840A-B63C17AA3023}
		{E5200F63-ABBF-465D-800D-5740D0865418} = {6DF2BA2F-A5C7-436E-840A-B63C17AA3023}
	EndGlobalSection
	GlobalSection(ExtensibilityGlobals) = postSolution
		SolutionGuid = {DEF29FB4-711F-44DA-A088-9DE0AA042085}
	EndGlobalSection
EndGlobal
